// !$*UTF8*$!
{
	archiveVersion = 1;
	classes = {
	};
	objectVersion = 56;
	objects = {

/* Begin PBXBuildFile section */
		D0B0F6DB2B0BC6F500B55D16 /* lifeProcApp.swift in Sources */ = {isa = PBXBuildFile; fileRef = D0B0F6DA2B0BC6F500B55D16 /* lifeProcApp.swift */; };
		D0B0F6DD2B0BC6F500B55D16 /* EntryView.swift in Sources */ = {isa = PBXBuildFile; fileRef = D0B0F6DC2B0BC6F500B55D16 /* EntryView.swift */; };
		D0B0F6DF2B0BC6F600B55D16 /* Assets.xcassets in Resources */ = {isa = PBXBuildFile; fileRef = D0B0F6DE2B0BC6F600B55D16 /* Assets.xcassets */; };
		D0B0F6E32B0BC6F600B55D16 /* Preview Assets.xcassets in Resources */ = {isa = PBXBuildFile; fileRef = D0B0F6E22B0BC6F600B55D16 /* Preview Assets.xcassets */; };
		D0B0F6EE2B0BC9F900B55D16 /* CoinsView.swift in Sources */ = {isa = PBXBuildFile; fileRef = D0B0F6ED2B0BC9F900B55D16 /* CoinsView.swift */; };
		D0B0F6F42B0BCA2B00B55D16 /* TimerManager.swift in Sources */ = {isa = PBXBuildFile; fileRef = D0B0F6F32B0BCA2B00B55D16 /* TimerManager.swift */; };
		D0B0F6F62B0BCA3100B55D16 /* TimerStorage.swift in Sources */ = {isa = PBXBuildFile; fileRef = D0B0F6F52B0BCA3100B55D16 /* TimerStorage.swift */; };
		D0B0F6FB2B0BCA3C00B55D16 /* TimerView.swift in Sources */ = {isa = PBXBuildFile; fileRef = D0B0F6F72B0BCA3C00B55D16 /* TimerView.swift */; };
		D0B0F6FC2B0BCA3C00B55D16 /* TimerMainView.swift in Sources */ = {isa = PBXBuildFile; fileRef = D0B0F6F82B0BCA3C00B55D16 /* TimerMainView.swift */; };
		D0B0F6FD2B0BCA3C00B55D16 /* TimerSettingsRowView.swift in Sources */ = {isa = PBXBuildFile; fileRef = D0B0F6F92B0BCA3C00B55D16 /* TimerSettingsRowView.swift */; };
		D0B0F6FE2B0BCA3C00B55D16 /* TimerPickView.swift in Sources */ = {isa = PBXBuildFile; fileRef = D0B0F6FA2B0BCA3C00B55D16 /* TimerPickView.swift */; };
/* End PBXBuildFile section */

/* Begin PBXFileReference section */
		D0B0F6D72B0BC6F500B55D16 /* lifeProc.app */ = {isa = PBXFileReference; explicitFileType = wrapper.application; includeInIndex = 0; path = lifeProc.app; sourceTree = BUILT_PRODUCTS_DIR; };
		D0B0F6DA2B0BC6F500B55D16 /* lifeProcApp.swift */ = {isa = PBXFileReference; lastKnownFileType = sourcecode.swift; path = lifeProcApp.swift; sourceTree = "<group>"; };
		D0B0F6DC2B0BC6F500B55D16 /* EntryView.swift */ = {isa = PBXFileReference; lastKnownFileType = sourcecode.swift; path = EntryView.swift; sourceTree = "<group>"; };
		D0B0F6DE2B0BC6F600B55D16 /* Assets.xcassets */ = {isa = PBXFileReference; lastKnownFileType = folder.assetcatalog; path = Assets.xcassets; sourceTree = "<group>"; };
		D0B0F6E02B0BC6F600B55D16 /* lifeProc.entitlements */ = {isa = PBXFileReference; lastKnownFileType = text.plist.entitlements; path = lifeProc.entitlements; sourceTree = "<group>"; };
		D0B0F6E22B0BC6F600B55D16 /* Preview Assets.xcassets */ = {isa = PBXFileReference; lastKnownFileType = folder.assetcatalog; path = "Preview Assets.xcassets"; sourceTree = "<group>"; };
		D0B0F6ED2B0BC9F900B55D16 /* CoinsView.swift */ = {isa = PBXFileReference; fileEncoding = 4; lastKnownFileType = sourcecode.swift; path = CoinsView.swift; sourceTree = "<group>"; };
		D0B0F6F32B0BCA2B00B55D16 /* TimerManager.swift */ = {isa = PBXFileReference; fileEncoding = 4; lastKnownFileType = sourcecode.swift; path = TimerManager.swift; sourceTree = "<group>"; };
		D0B0F6F52B0BCA3100B55D16 /* TimerStorage.swift */ = {isa = PBXFileReference; fileEncoding = 4; lastKnownFileType = sourcecode.swift; path = TimerStorage.swift; sourceTree = "<group>"; };
		D0B0F6F72B0BCA3C00B55D16 /* TimerView.swift */ = {isa = PBXFileReference; fileEncoding = 4; lastKnownFileType = sourcecode.swift; path = TimerView.swift; sourceTree = "<group>"; };
		D0B0F6F82B0BCA3C00B55D16 /* TimerMainView.swift */ = {isa = PBXFileReference; fileEncoding = 4; lastKnownFileType = sourcecode.swift; path = TimerMainView.swift; sourceTree = "<group>"; };
		D0B0F6F92B0BCA3C00B55D16 /* TimerSettingsRowView.swift */ = {isa = PBXFileReference; fileEncoding = 4; lastKnownFileType = sourcecode.swift; path = TimerSettingsRowView.swift; sourceTree = "<group>"; };
		D0B0F6FA2B0BCA3C00B55D16 /* TimerPickView.swift */ = {isa = PBXFileReference; fileEncoding = 4; lastKnownFileType = sourcecode.swift; path = TimerPickView.swift; sourceTree = "<group>"; };
/* End PBXFileReference section */

/* Begin PBXFrameworksBuildPhase section */
		D0B0F6D42B0BC6F500B55D16 /* Frameworks */ = {
			isa = PBXFrameworksBuildPhase;
			buildActionMask = 2147483647;
			files = (
			);
			runOnlyForDeploymentPostprocessing = 0;
		};
/* End PBXFrameworksBuildPhase section */

/* Begin PBXGroup section */
		D0B0F6CE2B0BC6F500B55D16 = {
			isa = PBXGroup;
			children = (
				D0B0F6D92B0BC6F500B55D16 /* lifeProc */,
				D0B0F6D82B0BC6F500B55D16 /* Products */,
			);
			sourceTree = "<group>";
		};
		D0B0F6D82B0BC6F500B55D16 /* Products */ = {
			isa = PBXGroup;
			children = (
				D0B0F6D72B0BC6F500B55D16 /* lifeProc.app */,
			);
			name = Products;
			sourceTree = "<group>";
		};
		D0B0F6D92B0BC6F500B55D16 /* lifeProc */ = {
			isa = PBXGroup;
			children = (
				D0B0F6EA2B0BC7E400B55D16 /* Coins */,
				D0B0F6E92B0BC7DB00B55D16 /* Timer */,
				D0B0F6DA2B0BC6F500B55D16 /* lifeProcApp.swift */,
				D0B0F6DC2B0BC6F500B55D16 /* EntryView.swift */,
				D0B0F6DE2B0BC6F600B55D16 /* Assets.xcassets */,
				D0B0F6E02B0BC6F600B55D16 /* lifeProc.entitlements */,
				D0B0F6E12B0BC6F600B55D16 /* Preview Content */,
			);
			path = lifeProc;
			sourceTree = "<group>";
		};
		D0B0F6E12B0BC6F600B55D16 /* Preview Content */ = {
			isa = PBXGroup;
			children = (
				D0B0F6E22B0BC6F600B55D16 /* Preview Assets.xcassets */,
			);
			path = "Preview Content";
			sourceTree = "<group>";
		};
		D0B0F6E92B0BC7DB00B55D16 /* Timer */ = {
			isa = PBXGroup;
			children = (
				D0B0F6F82B0BCA3C00B55D16 /* TimerMainView.swift */,
				D0B0F6FA2B0BCA3C00B55D16 /* TimerPickView.swift */,
				D0B0F6F92B0BCA3C00B55D16 /* TimerSettingsRowView.swift */,
				D0B0F6F72B0BCA3C00B55D16 /* TimerView.swift */,
				D0B0F6F52B0BCA3100B55D16 /* TimerStorage.swift */,
				D0B0F6F32B0BCA2B00B55D16 /* TimerManager.swift */,
			);
			path = Timer;
			sourceTree = "<group>";
		};
		D0B0F6EA2B0BC7E400B55D16 /* Coins */ = {
			isa = PBXGroup;
			children = (
				D0B0F6ED2B0BC9F900B55D16 /* CoinsView.swift */,
			);
			path = Coins;
			sourceTree = "<group>";
		};
/* End PBXGroup section */

/* Begin PBXNativeTarget section */
		D0B0F6D62B0BC6F500B55D16 /* lifeProc */ = {
			isa = PBXNativeTarget;
			buildConfigurationList = D0B0F6E62B0BC6F600B55D16 /* Build configuration list for PBXNativeTarget "lifeProc" */;
			buildPhases = (
				D0B0F6D32B0BC6F500B55D16 /* Sources */,
				D0B0F6D42B0BC6F500B55D16 /* Frameworks */,
				D0B0F6D52B0BC6F500B55D16 /* Resources */,
			);
			buildRules = (
			);
			dependencies = (
			);
			name = lifeProc;
			productName = lifeProc;
			productReference = D0B0F6D72B0BC6F500B55D16 /* lifeProc.app */;
			productType = "com.apple.product-type.application";
		};
/* End PBXNativeTarget section */

/* Begin PBXProject section */
		D0B0F6CF2B0BC6F500B55D16 /* Project object */ = {
			isa = PBXProject;
			attributes = {
				BuildIndependentTargetsInParallel = 1;
				LastSwiftUpdateCheck = 1500;
				LastUpgradeCheck = 1500;
				TargetAttributes = {
					D0B0F6D62B0BC6F500B55D16 = {
						CreatedOnToolsVersion = 15.0.1;
					};
				};
			};
			buildConfigurationList = D0B0F6D22B0BC6F500B55D16 /* Build configuration list for PBXProject "lifeProc" */;
			compatibilityVersion = "Xcode 14.0";
			developmentRegion = en;
			hasScannedForEncodings = 0;
			knownRegions = (
				en,
				Base,
			);
			mainGroup = D0B0F6CE2B0BC6F500B55D16;
			productRefGroup = D0B0F6D82B0BC6F500B55D16 /* Products */;
			projectDirPath = "";
			projectRoot = "";
			targets = (
				D0B0F6D62B0BC6F500B55D16 /* lifeProc */,
			);
		};
/* End PBXProject section */

/* Begin PBXResourcesBuildPhase section */
		D0B0F6D52B0BC6F500B55D16 /* Resources */ = {
			isa = PBXResourcesBuildPhase;
			buildActionMask = 2147483647;
			files = (
				D0B0F6E32B0BC6F600B55D16 /* Preview Assets.xcassets in Resources */,
				D0B0F6DF2B0BC6F600B55D16 /* Assets.xcassets in Resources */,
			);
			runOnlyForDeploymentPostprocessing = 0;
		};
/* End PBXResourcesBuildPhase section */

/* Begin PBXSourcesBuildPhase section */
		D0B0F6D32B0BC6F500B55D16 /* Sources */ = {
			isa = PBXSourcesBuildPhase;
			buildActionMask = 2147483647;
			files = (
				D0B0F6DD2B0BC6F500B55D16 /* EntryView.swift in Sources */,
				D0B0F6DB2B0BC6F500B55D16 /* lifeProcApp.swift in Sources */,
				D0B0F6FD2B0BCA3C00B55D16 /* TimerSettingsRowView.swift in Sources */,
				D0B0F6F42B0BCA2B00B55D16 /* TimerManager.swift in Sources */,
				D0B0F6F62B0BCA3100B55D16 /* TimerStorage.swift in Sources */,
				D0B0F6FE2B0BCA3C00B55D16 /* TimerPickView.swift in Sources */,
				D0B0F6EE2B0BC9F900B55D16 /* CoinsView.swift in Sources */,
				D0B0F6FB2B0BCA3C00B55D16 /* TimerView.swift in Sources */,
				D0B0F6FC2B0BCA3C00B55D16 /* TimerMainView.swift in Sources */,
			);
			runOnlyForDeploymentPostprocessing = 0;
		};
/* End PBXSourcesBuildPhase section */

/* Begin XCBuildConfiguration section */
		D0B0F6E42B0BC6F600B55D16 /* Debug */ = {
			isa = XCBuildConfiguration;
			buildSettings = {
				ALWAYS_SEARCH_USER_PATHS = NO;
				ASSETCATALOG_COMPILER_GENERATE_SWIFT_ASSET_SYMBOL_EXTENSIONS = YES;
				CLANG_ANALYZER_NONNULL = YES;
				CLANG_ANALYZER_NUMBER_OBJECT_CONVERSION = YES_AGGRESSIVE;
				CLANG_CXX_LANGUAGE_STANDARD = "gnu++20";
				CLANG_ENABLE_MODULES = YES;
				CLANG_ENABLE_OBJC_ARC = YES;
				CLANG_ENABLE_OBJC_WEAK = YES;
				CLANG_WARN_BLOCK_CAPTURE_AUTORELEASING = YES;
				CLANG_WARN_BOOL_CONVERSION = YES;
				CLANG_WARN_COMMA = YES;
				CLANG_WARN_CONSTANT_CONVERSION = YES;
				CLANG_WARN_DEPRECATED_OBJC_IMPLEMENTATIONS = YES;
				CLANG_WARN_DIRECT_OBJC_ISA_USAGE = YES_ERROR;
				CLANG_WARN_DOCUMENTATION_COMMENTS = YES;
				CLANG_WARN_EMPTY_BODY = YES;
				CLANG_WARN_ENUM_CONVERSION = YES;
				CLANG_WARN_INFINITE_RECURSION = YES;
				CLANG_WARN_INT_CONVERSION = YES;
				CLANG_WARN_NON_LITERAL_NULL_CONVERSION = YES;
				CLANG_WARN_OBJC_IMPLICIT_RETAIN_SELF = YES;
				CLANG_WARN_OBJC_LITERAL_CONVERSION = YES;
				CLANG_WARN_OBJC_ROOT_CLASS = YES_ERROR;
				CLANG_WARN_QUOTED_INCLUDE_IN_FRAMEWORK_HEADER = YES;
				CLANG_WARN_RANGE_LOOP_ANALYSIS = YES;
				CLANG_WARN_STRICT_PROTOTYPES = YES;
				CLANG_WARN_SUSPICIOUS_MOVE = YES;
				CLANG_WARN_UNGUARDED_AVAILABILITY = YES_AGGRESSIVE;
				CLANG_WARN_UNREACHABLE_CODE = YES;
				CLANG_WARN__DUPLICATE_METHOD_MATCH = YES;
				COPY_PHASE_STRIP = NO;
				DEBUG_INFORMATION_FORMAT = dwarf;
				ENABLE_STRICT_OBJC_MSGSEND = YES;
				ENABLE_TESTABILITY = YES;
				ENABLE_USER_SCRIPT_SANDBOXING = YES;
				GCC_C_LANGUAGE_STANDARD = gnu17;
				GCC_DYNAMIC_NO_PIC = NO;
				GCC_NO_COMMON_BLOCKS = YES;
				GCC_OPTIMIZATION_LEVEL = 0;
				GCC_PREPROCESSOR_DEFINITIONS = (
					"DEBUG=1",
					"$(inherited)",
				);
				GCC_WARN_64_TO_32_BIT_CONVERSION = YES;
				GCC_WARN_ABOUT_RETURN_TYPE = YES_ERROR;
				GCC_WARN_UNDECLARED_SELECTOR = YES;
				GCC_WARN_UNINITIALIZED_AUTOS = YES_AGGRESSIVE;
				GCC_WARN_UNUSED_FUNCTION = YES;
				GCC_WARN_UNUSED_VARIABLE = YES;
				LOCALIZATION_PREFERS_STRING_CATALOGS = YES;
				MTL_ENABLE_DEBUG_INFO = INCLUDE_SOURCE;
				MTL_FAST_MATH = YES;
				ONLY_ACTIVE_ARCH = YES;
				SWIFT_ACTIVE_COMPILATION_CONDITIONS = "DEBUG $(inherited)";
				SWIFT_OPTIMIZATION_LEVEL = "-Onone";
			};
			name = Debug;
		};
		D0B0F6E52B0BC6F600B55D16 /* Release */ = {
			isa = XCBuildConfiguration;
			buildSettings = {
				ALWAYS_SEARCH_USER_PATHS = NO;
				ASSETCATALOG_COMPILER_GENERATE_SWIFT_ASSET_SYMBOL_EXTENSIONS = YES;
				CLANG_ANALYZER_NONNULL = YES;
				CLANG_ANALYZER_NUMBER_OBJECT_CONVERSION = YES_AGGRESSIVE;
				CLANG_CXX_LANGUAGE_STANDARD = "gnu++20";
				CLANG_ENABLE_MODULES = YES;
				CLANG_ENABLE_OBJC_ARC = YES;
				CLANG_ENABLE_OBJC_WEAK = YES;
				CLANG_WARN_BLOCK_CAPTURE_AUTORELEASING = YES;
				CLANG_WARN_BOOL_CONVERSION = YES;
				CLANG_WARN_COMMA = YES;
				CLANG_WARN_CONSTANT_CONVERSION = YES;
				CLANG_WARN_DEPRECATED_OBJC_IMPLEMENTATIONS = YES;
				CLANG_WARN_DIRECT_OBJC_ISA_USAGE = YES_ERROR;
				CLANG_WARN_DOCUMENTATION_COMMENTS = YES;
				CLANG_WARN_EMPTY_BODY = YES;
				CLANG_WARN_ENUM_CONVERSION = YES;
				CLANG_WARN_INFINITE_RECURSION = YES;
				CLANG_WARN_INT_CONVERSION = YES;
				CLANG_WARN_NON_LITERAL_NULL_CONVERSION = YES;
				CLANG_WARN_OBJC_IMPLICIT_RETAIN_SELF = YES;
				CLANG_WARN_OBJC_LITERAL_CONVERSION = YES;
				CLANG_WARN_OBJC_ROOT_CLASS = YES_ERROR;
				CLANG_WARN_QUOTED_INCLUDE_IN_FRAMEWORK_HEADER = YES;
				CLANG_WARN_RANGE_LOOP_ANALYSIS = YES;
				CLANG_WARN_STRICT_PROTOTYPES = YES;
				CLANG_WARN_SUSPICIOUS_MOVE = YES;
				CLANG_WARN_UNGUARDED_AVAILABILITY = YES_AGGRESSIVE;
				CLANG_WARN_UNREACHABLE_CODE = YES;
				CLANG_WARN__DUPLICATE_METHOD_MATCH = YES;
				COPY_PHASE_STRIP = NO;
				DEBUG_INFORMATION_FORMAT = "dwarf-with-dsym";
				ENABLE_NS_ASSERTIONS = NO;
				ENABLE_STRICT_OBJC_MSGSEND = YES;
				ENABLE_USER_SCRIPT_SANDBOXING = YES;
				GCC_C_LANGUAGE_STANDARD = gnu17;
				GCC_NO_COMMON_BLOCKS = YES;
				GCC_WARN_64_TO_32_BIT_CONVERSION = YES;
				GCC_WARN_ABOUT_RETURN_TYPE = YES_ERROR;
				GCC_WARN_UNDECLARED_SELECTOR = YES;
				GCC_WARN_UNINITIALIZED_AUTOS = YES_AGGRESSIVE;
				GCC_WARN_UNUSED_FUNCTION = YES;
				GCC_WARN_UNUSED_VARIABLE = YES;
				LOCALIZATION_PREFERS_STRING_CATALOGS = YES;
				MTL_ENABLE_DEBUG_INFO = NO;
				MTL_FAST_MATH = YES;
				SWIFT_COMPILATION_MODE = wholemodule;
			};
			name = Release;
		};
		D0B0F6E72B0BC6F600B55D16 /* Debug */ = {
			isa = XCBuildConfiguration;
			buildSettings = {
				ASSETCATALOG_COMPILER_APPICON_NAME = AppIcon;
				ASSETCATALOG_COMPILER_GLOBAL_ACCENT_COLOR_NAME = AccentColor;
				CODE_SIGN_ENTITLEMENTS = lifeProc/lifeProc.entitlements;
				CODE_SIGN_STYLE = Automatic;
				CURRENT_PROJECT_VERSION = 1;
				DEVELOPMENT_ASSET_PATHS = "\"lifeProc/Preview Content\"";
				DEVELOPMENT_TEAM = T2VQGFFPR2;
				ENABLE_HARDENED_RUNTIME = YES;
				ENABLE_PREVIEWS = YES;
				GENERATE_INFOPLIST_FILE = YES;
				"INFOPLIST_KEY_UIApplicationSceneManifest_Generation[sdk=iphoneos*]" = YES;
				"INFOPLIST_KEY_UIApplicationSceneManifest_Generation[sdk=iphonesimulator*]" = YES;
				"INFOPLIST_KEY_UIApplicationSupportsIndirectInputEvents[sdk=iphoneos*]" = YES;
				"INFOPLIST_KEY_UIApplicationSupportsIndirectInputEvents[sdk=iphonesimulator*]" = YES;
				"INFOPLIST_KEY_UILaunchScreen_Generation[sdk=iphoneos*]" = YES;
				"INFOPLIST_KEY_UILaunchScreen_Generation[sdk=iphonesimulator*]" = YES;
				"INFOPLIST_KEY_UIStatusBarStyle[sdk=iphoneos*]" = UIStatusBarStyleDefault;
				"INFOPLIST_KEY_UIStatusBarStyle[sdk=iphonesimulator*]" = UIStatusBarStyleDefault;
				INFOPLIST_KEY_UISupportedInterfaceOrientations_iPad = "UIInterfaceOrientationPortrait UIInterfaceOrientationPortraitUpsideDown UIInterfaceOrientationLandscapeLeft UIInterfaceOrientationLandscapeRight";
				INFOPLIST_KEY_UISupportedInterfaceOrientations_iPhone = "UIInterfaceOrientationPortrait UIInterfaceOrientationLandscapeLeft UIInterfaceOrientationLandscapeRight";
				IPHONEOS_DEPLOYMENT_TARGET = 17.0;
				LD_RUNPATH_SEARCH_PATHS = "@executable_path/Frameworks";
				"LD_RUNPATH_SEARCH_PATHS[sdk=macosx*]" = "@executable_path/../Frameworks";
				MACOSX_DEPLOYMENT_TARGET = 14.0;
				MARKETING_VERSION = 1.0;
				PRODUCT_BUNDLE_IDENTIFIER = kingkongtree.lifeProc;
				PRODUCT_NAME = "$(TARGET_NAME)";
				SDKROOT = auto;
				SUPPORTED_PLATFORMS = "iphoneos iphonesimulator macosx";
				SWIFT_EMIT_LOC_STRINGS = YES;
				SWIFT_VERSION = 5.0;
				TARGETED_DEVICE_FAMILY = "1,2";
			};
			name = Debug;
		};
		D0B0F6E82B0BC6F600B55D16 /* Release */ = {
			isa = XCBuildConfiguration;
			buildSettings = {
				ASSETCATALOG_COMPILER_APPICON_NAME = AppIcon;
				ASSETCATALOG_COMPILER_GLOBAL_ACCENT_COLOR_NAME = AccentColor;
				CODE_SIGN_ENTITLEMENTS = lifeProc/lifeProc.entitlements;
				CODE_SIGN_STYLE = Automatic;
				CURRENT_PROJECT_VERSION = 1;
				DEVELOPMENT_ASSET_PATHS = "\"lifeProc/Preview Content\"";
				DEVELOPMENT_TEAM = T2VQGFFPR2;
				ENABLE_HARDENED_RUNTIME = YES;
				ENABLE_PREVIEWS = YES;
				GENERATE_INFOPLIST_FILE = YES;
				"INFOPLIST_KEY_UIApplicationSceneManifest_Generation[sdk=iphoneos*]" = YES;
				"INFOPLIST_KEY_UIApplicationSceneManifest_Generation[sdk=iphonesimulator*]" = YES;
				"INFOPLIST_KEY_UIApplicationSupportsIndirectInputEvents[sdk=iphoneos*]" = YES;
				"INFOPLIST_KEY_UIApplicationSupportsIndirectInputEvents[sdk=iphonesimulator*]" = YES;
				"INFOPLIST_KEY_UILaunchScreen_Generation[sdk=iphoneos*]" = YES;
				"INFOPLIST_KEY_UILaunchScreen_Generation[sdk=iphonesimulator*]" = YES;
				"INFOPLIST_KEY_UIStatusBarStyle[sdk=iphoneos*]" = UIStatusBarStyleDefault;
				"INFOPLIST_KEY_UIStatusBarStyle[sdk=iphonesimulator*]" = UIStatusBarStyleDefault;
				INFOPLIST_KEY_UISupportedInterfaceOrientations_iPad = "UIInterfaceOrientationPortrait UIInterfaceOrientationPortraitUpsideDown UIInterfaceOrientationLandscapeLeft UIInterfaceOrientationLandscapeRight";
				INFOPLIST_KEY_UISupportedInterfaceOrientations_iPhone = "UIInterfaceOrientationPortrait UIInterfaceOrientationLandscapeLeft UIInterfaceOrientationLandscapeRight";
				IPHONEOS_DEPLOYMENT_TARGET = 17.0;
				LD_RUNPATH_SEARCH_PATHS = "@executable_path/Frameworks";
				"LD_RUNPATH_SEARCH_PATHS[sdk=macosx*]" = "@executable_path/../Frameworks";
				MACOSX_DEPLOYMENT_TARGET = 14.0;
				MARKETING_VERSION = 1.0;
				PRODUCT_BUNDLE_IDENTIFIER = kingkongtree.lifeProc;
				PRODUCT_NAME = "$(TARGET_NAME)";
				SDKROOT = auto;
				SUPPORTED_PLATFORMS = "iphoneos iphonesimulator macosx";
				SWIFT_EMIT_LOC_STRINGS = YES;
				SWIFT_VERSION = 5.0;
				TARGETED_DEVICE_FAMILY = "1,2";
			};
			name = Release;
		};
/* End XCBuildConfiguration section */

/* Begin XCConfigurationList section */
		D0B0F6D22B0BC6F500B55D16 /* Build configuration list for PBXProject "lifeProc" */ = {
			isa = XCConfigurationList;
			buildConfigurations = (
				D0B0F6E42B0BC6F600B55D16 /* Debug */,
				D0B0F6E52B0BC6F600B55D16 /* Release */,
			);
			defaultConfigurationIsVisible = 0;
			defaultConfigurationName = Release;
		};
		D0B0F6E62B0BC6F600B55D16 /* Build configuration list for PBXNativeTarget "lifeProc" */ = {
			isa = XCConfigurationList;
			buildConfigurations = (
				D0B0F6E72B0BC6F600B55D16 /* Debug */,
				D0B0F6E82B0BC6F600B55D16 /* Release */,
			);
			defaultConfigurationIsVisible = 0;
			defaultConfigurationName = Release;
		};
/* End XCConfigurationList section */
	};
	rootObject = D0B0F6CF2B0BC6F500B55D16 /* Project object */;
}
